
Microsoft Visual Studio Solution File, Format Version 12.00
# Visual Studio 14
VisualStudioVersion = 14.0.25123.0
MinimumVisualStudioVersion = 10.0.40219.1
Project("{FAE04EC0-301F-11D3-BF4B-00C04F79EFBC}") = "OpenFpt.TTS", "OpenFpt.TTS\OpenFpt.TTS.csproj", "{696BDB01-DB24-4BBB-8EFF-7465C44C7B2B}"
EndProject
Project("{FAE04EC0-301F-11D3-BF4B-00C04F79EFBC}") = "AsyncTtsService", "AsyncTtsService\AsyncTtsService.csproj", "{36F3D643-86AE-430A-A24A-792E3D810C01}"
EndProject
Project("{FAE04EC0-301F-11D3-BF4B-00C04F79EFBC}") = "AppTts", "AppText2Speech\AppTts.csproj", "{F3C7E82F-F368-46DD-A1AE-A6CF68080B8E}"
EndProject
Global
	GlobalSection(SolutionConfigurationPlatforms) = preSolution
		Debug|Any CPU = Debug|Any CPU
		Debug|x64 = Debug|x64
		Debug|x86 = Debug|x86
		Release|Any CPU = Release|Any CPU
		Release|x64 = Release|x64
		Release|x86 = Release|x86
	EndGlobalSection
	GlobalSection(ProjectConfigurationPlatforms) = postSolution
		{696BDB01-DB24-4BBB-8EFF-7465C44C7B2B}.Debug|Any CPU.ActiveCfg = Debug|Any CPU
		{696BDB01-DB24-4BBB-8EFF-7465C44C7B2B}.Debug|Any CPU.Build.0 = Debug|Any CPU
		{696BDB01-DB24-4BBB-8EFF-7465C44C7B2B}.Debug|x64.ActiveCfg = Debug|Any CPU
		{696BDB01-DB24-4BBB-8EFF-7465C44C7B2B}.Debug|x64.Build.0 = Debug|Any CPU
		{696BDB01-DB24-4BBB-8EFF-7465C44C7B2B}.Debug|x86.ActiveCfg = Debug|Any CPU
		{696BDB01-DB24-4BBB-8EFF-7465C44C7B2B}.Debug|x86.Build.0 = Debug|Any CPU
		{696BDB01-DB24-4BBB-8EFF-7465C44C7B2B}.Release|Any CPU.ActiveCfg = Release|Any CPU
		{696BDB01-DB24-4BBB-8EFF-7465C44C7B2B}.Release|Any CPU.Build.0 = Release|Any CPU
		{696BDB01-DB24-4BBB-8EFF-7465C44C7B2B}.Release|x64.ActiveCfg = Release|Any CPU
		{696BDB01-DB24-4BBB-8EFF-7465C44C7B2B}.Release|x64.Build.0 = Release|Any CPU
		{696BDB01-DB24-4BBB-8EFF-7465C44C7B2B}.Release|x86.ActiveCfg = Release|Any CPU
		{696BDB01-DB24-4BBB-8EFF-7465C44C7B2B}.Release|x86.Build.0 = Release|Any CPU
		{36F3D643-86AE-430A-A24A-792E3D810C01}.Debug|Any CPU.ActiveCfg = Debug|Any CPU
		{36F3D643-86AE-430A-A24A-792E3D810C01}.Debug|Any CPU.Build.0 = Debug|Any CPU
		{36F3D643-86AE-430A-A24A-792E3D810C01}.Debug|x64.ActiveCfg = Debug|Any CPU
		{36F3D643-86AE-430A-A24A-792E3D810C01}.Debug|x64.Build.0 = Debug|Any CPU
		{36F3D643-86AE-430A-A24A-792E3D810C01}.Debug|x86.ActiveCfg = Debug|Any CPU
		{36F3D643-86AE-430A-A24A-792E3D810C01}.Debug|x86.Build.0 = Debug|Any CPU
		{36F3D643-86AE-430A-A24A-792E3D810C01}.Release|Any CPU.ActiveCfg = Release|Any CPU
		{36F3D643-86AE-430A-A24A-792E3D810C01}.Release|Any CPU.Build.0 = Release|Any CPU
		{36F3D643-86AE-430A-A24A-792E3D810C01}.Release|x64.ActiveCfg = Release|Any CPU
		{36F3D643-86AE-430A-A24A-792E3D810C01}.Release|x64.Build.0 = Release|Any CPU
		{36F3D643-86AE-430A-A24A-792E3D810C01}.Release|x86.ActiveCfg = Release|Any CPU
		{36F3D643-86AE-430A-A24A-792E3D810C01}.Release|x86.Build.0 = Release|Any CPU
		{F3C7E82F-F368-46DD-A1AE-A6CF68080B8E}.Debug|Any CPU.ActiveCfg = Debug|Any CPU
		{F3C7E82F-F368-46DD-A1AE-A6CF68080B8E}.Debug|Any CPU.Build.0 = Debug|Any CPU
		{F3C7E82F-F368-46DD-A1AE-A6CF68080B8E}.Debug|x64.ActiveCfg = Debug|Any CPU
		{F3C7E82F-F368-46DD-A1AE-A6CF68080B8E}.Debug|x64.Build.0 = Debug|Any CPU
		{F3C7E82F-F368-46DD-A1AE-A6CF68080B8E}.Debug|x86.ActiveCfg = Debug|Any CPU
		{F3C7E82F-F368-46DD-A1AE-A6CF68080B8E}.Debug|x86.Build.0 = Debug|Any CPU
		{F3C7E82F-F368-46DD-A1AE-A6CF68080B8E}.Release|Any CPU.ActiveCfg = Release|Any CPU
		{F3C7E82F-F368-46DD-A1AE-A6CF68080B8E}.Release|Any CPU.Build.0 = Release|Any CPU
		{F3C7E82F-F368-46DD-A1AE-A6CF68080B8E}.Release|x64.ActiveCfg = Release|Any CPU
		{F3C7E82F-F368-46DD-A1AE-A6CF68080B8E}.Release|x64.Build.0 = Release|Any CPU
		{F3C7E82F-F368-46DD-A1AE-A6CF68080B8E}.Release|x86.ActiveCfg = Release|Any CPU
		{F3C7E82F-F368-46DD-A1AE-A6CF68080B8E}.Release|x86.Build.0 = Release|Any CPU
	EndGlobalSection
	GlobalSection(SolutionProperties) = preSolution
		HideSolutionNode = FALSE
	EndGlobalSection
EndGlobal
